
Microsoft Visual Studio Solution File, Format Version 12.00
Project("{FAE04EC0-301F-11D3-BF4B-00C04F79EFBC}") = "Dotnet9.WebApi.Scalar.Swagger.Demo", "Dotnet9.WebApi.Scalar.Swagger.Demo.csproj", "{EF289420-93A9-4114-BD99-0331CD3B80B9}"
EndProject
Project("{2150E333-8FDC-42A3-9474-1A3956D46DE8}") = "Solution Items", "Solution Items", "{A1C27BD4-D87F-4463-A516-DEDCCFBCF9CB}"
	ProjectSection(SolutionItems) = preProject
		compose.yaml = compose.yaml
	EndProjectSection
EndProject
Global
	GlobalSection(SolutionConfigurationPlatforms) = preSolution
		Debug|Any CPU = Debug|Any CPU
		Release|Any CPU = Release|Any CPU
	EndGlobalSection
	GlobalSection(ProjectConfigurationPlatforms) = postSolution
		{EF289420-93A9-4114-BD99-0331CD3B80B9}.Debug|Any CPU.ActiveCfg = Debug|Any CPU
		{EF289420-93A9-4114-BD99-0331CD3B80B9}.Debug|Any CPU.Build.0 = Debug|Any CPU
		{EF289420-93A9-4114-BD99-0331CD3B80B9}.Release|Any CPU.ActiveCfg = Release|Any CPU
		{EF289420-93A9-4114-BD99-0331CD3B80B9}.Release|Any CPU.Build.0 = Release|Any CPU
	EndGlobalSection
EndGlobal
